
Microsoft Visual Studio Solution File, Format Version 12.00
# Visual Studio Version 17
VisualStudioVersion = 17.0.31919.166
MinimumVisualStudioVersion = 10.0.40219.1
Project("{FAE04EC0-301F-11D3-BF4B-00C04F79EFBC}") = "Project", "Project\Project.csproj", "{262E7584-D51A-4BE0-B042-894BB4DFFA26}"
EndProject
Global
	GlobalSection(SolutionConfigurationPlatforms) = preSolution
		Debug|Any CPU = Debug|Any CPU
		Release|Any CPU = Release|Any CPU
	EndGlobalSection
	GlobalSection(ProjectConfigurationPlatforms) = postSolution
		{262E7584-D51A-4BE0-B042-894BB4DFFA26}.Debug|Any CPU.ActiveCfg = Debug|Any CPU
		{262E7584-D51A-4BE0-B042-894BB4DFFA26}.Debug|Any CPU.Build.0 = Debug|Any CPU
		{262E7584-D51A-4BE0-B042-894BB4DFFA26}.Release|Any CPU.ActiveCfg = Release|Any CPU
		{262E7584-D51A-4BE0-B042-894BB4DFFA26}.Release|Any CPU.Build.0 = Release|Any CPU
	EndGlobalSection
	GlobalSection(SolutionProperties) = preSolution
		HideSolutionNode = FALSE
	EndGlobalSection
	GlobalSection(ExtensibilityGlobals) = postSolution
		SolutionGuid = {5335A1F4-14CC-442D-8638-9000B2651751}
	EndGlobalSection
EndGlobal
